
Microsoft Visual Studio Solution File, Format Version 12.00
# Visual Studio Version 17
VisualStudioVersion = 17.5.33414.496
MinimumVisualStudioVersion = 10.0.40219.1
Project("{FAE04EC0-301F-11D3-BF4B-00C04F79EFBC}") = "YTDERS", "YTDERS\YTDERS.csproj", "{0FCC2844-AE54-4A3A-B4D6-FEB5C5C28963}"
EndProject
Global
	GlobalSection(SolutionConfigurationPlatforms) = preSolution
		Debug|Any CPU = Debug|Any CPU
		Release|Any CPU = Release|Any CPU
	EndGlobalSection
	GlobalSection(ProjectConfigurationPlatforms) = postSolution
		{0FCC2844-AE54-4A3A-B4D6-FEB5C5C28963}.Debug|Any CPU.ActiveCfg = Debug|Any CPU
		{0FCC2844-AE54-4A3A-B4D6-FEB5C5C28963}.Debug|Any CPU.Build.0 = Debug|Any CPU
		{0FCC2844-AE54-4A3A-B4D6-FEB5C5C28963}.Release|Any CPU.ActiveCfg = Release|Any CPU
		{0FCC2844-AE54-4A3A-B4D6-FEB5C5C28963}.Release|Any CPU.Build.0 = Release|Any CPU
	EndGlobalSection
	GlobalSection(SolutionProperties) = preSolution
		HideSolutionNode = FALSE
	EndGlobalSection
	GlobalSection(ExtensibilityGlobals) = postSolution
		SolutionGuid = {F7F17846-35FB-495A-A662-7789AAB73761}
	EndGlobalSection
EndGlobal
